
Microsoft Visual Studio Solution File, Format Version 10.00
# Visual Studio 2008
Project("{8BC9CEB8-8B4A-11D0-8D11-00A0C91BC942}") = "Priiloader", "priiloader\priiloader.vcproj", "{5F442C2A-5700-4F90-87E6-BEC5C54BF00C}"
EndProject
Project("{8BC9CEB8-8B4A-11D0-8D11-00A0C91BC942}") = "Installer", "Installer\Installer.vcproj", "{E0E7DAF2-AE44-4DAF-AB23-38162FD44F00}"
	ProjectSection(ProjectDependencies) = postProject
		{5F442C2A-5700-4F90-87E6-BEC5C54BF00C} = {5F442C2A-5700-4F90-87E6-BEC5C54BF00C}
	EndProjectSection
EndProject
Project("{2150E333-8FDC-42A3-9474-1A3956D46DE8}") = "Solution Items", "Solution Items", "{D3AEE970-3B5A-46B0-87B8-0F4787810DA8}"
	ProjectSection(SolutionItems) = preProject
		Makefile = Makefile
	EndProjectSection
EndProject
Project("{2150E333-8FDC-42A3-9474-1A3956D46DE8}") = "Shared", "Shared", "{75BAEBBB-0014-491A-A700-D46CD0A29045}"
	ProjectSection(SolutionItems) = preProject
		Shared\gitrev.h = Shared\gitrev.h
		Shared\sha1.cpp = Shared\sha1.cpp
		Shared\sha1.h = Shared\sha1.h
		Shared\version.h = Shared\version.h
	EndProjectSection
EndProject
Global
	GlobalSection(SolutionConfigurationPlatforms) = preSolution
		Debug|Win32 = Debug|Win32
		Installer Only|Win32 = Installer Only|Win32
		Priiloader only|Win32 = Priiloader only|Win32
		Release|Win32 = Release|Win32
	EndGlobalSection
	GlobalSection(ProjectConfigurationPlatforms) = postSolution
		{5F442C2A-5700-4F90-87E6-BEC5C54BF00C}.Debug|Win32.ActiveCfg = Release|Win32
		{5F442C2A-5700-4F90-87E6-BEC5C54BF00C}.Debug|Win32.Build.0 = Release|Win32
		{5F442C2A-5700-4F90-87E6-BEC5C54BF00C}.Installer Only|Win32.ActiveCfg = Installer Only|Win32
		{5F442C2A-5700-4F90-87E6-BEC5C54BF00C}.Priiloader only|Win32.ActiveCfg = Priiloader only|Win32
		{5F442C2A-5700-4F90-87E6-BEC5C54BF00C}.Priiloader only|Win32.Build.0 = Priiloader only|Win32
		{5F442C2A-5700-4F90-87E6-BEC5C54BF00C}.Release|Win32.ActiveCfg = Release|Win32
		{5F442C2A-5700-4F90-87E6-BEC5C54BF00C}.Release|Win32.Build.0 = Release|Win32
		{E0E7DAF2-AE44-4DAF-AB23-38162FD44F00}.Debug|Win32.ActiveCfg = Release|Win32
		{E0E7DAF2-AE44-4DAF-AB23-38162FD44F00}.Installer Only|Win32.ActiveCfg = Installer Only|Win32
		{E0E7DAF2-AE44-4DAF-AB23-38162FD44F00}.Installer Only|Win32.Build.0 = Installer Only|Win32
		{E0E7DAF2-AE44-4DAF-AB23-38162FD44F00}.Priiloader only|Win32.ActiveCfg = Priiloader only|Win32
		{E0E7DAF2-AE44-4DAF-AB23-38162FD44F00}.Release|Win32.ActiveCfg = Release|Win32
		{E0E7DAF2-AE44-4DAF-AB23-38162FD44F00}.Release|Win32.Build.0 = Release|Win32
	EndGlobalSection
	GlobalSection(SolutionProperties) = preSolution
		HideSolutionNode = FALSE
	EndGlobalSection
	GlobalSection(NestedProjects) = preSolution
		{75BAEBBB-0014-491A-A700-D46CD0A29045} = {D3AEE970-3B5A-46B0-87B8-0F4787810DA8}
	EndGlobalSection
EndGlobal
