
Microsoft Visual Studio Solution File, Format Version 10.00
# Visual Studio 2008
Project("{8BC9CEB8-8B4A-11D0-8D11-00A0C91BC942}") = "OpenDolBoot", "OpenDolBoot.vcproj", "{12A9EAAD-FAA2-41B8-A3F5-4C865E3557F6}"
EndProject
Global
	GlobalSection(SolutionConfigurationPlatforms) = preSolution
		Debug|Win32 = Debug|Win32
		Release|Win32 = Release|Win32
	EndGlobalSection
	GlobalSection(ProjectConfigurationPlatforms) = postSolution
		{12A9EAAD-FAA2-41B8-A3F5-4C865E3557F6}.Debug|Win32.ActiveCfg = Debug|Win32
		{12A9EAAD-FAA2-41B8-A3F5-4C865E3557F6}.Debug|Win32.Build.0 = Debug|Win32
		{12A9EAAD-FAA2-41B8-A3F5-4C865E3557F6}.Release|Win32.ActiveCfg = Release|Win32
		{12A9EAAD-FAA2-41B8-A3F5-4C865E3557F6}.Release|Win32.Build.0 = Release|Win32
	EndGlobalSection
	GlobalSection(SolutionProperties) = preSolution
		HideSolutionNode = FALSE
	EndGlobalSection
EndGlobal
